{
  "name": "tile_map",
  "version": "0.0.1",
  "lockfileVersion": 1,
  "requires": true,
  "dependencies": {
    "@xeokit/xeokit-sdk": {
      "version": "1.7.0-alpha.3",
      "resolved": "https://registry.npmjs.org/@xeokit/xeokit-sdk/-/xeokit-sdk-1.7.0-alpha.3.tgz",
      "integrity": "sha512-ibegHryw/eU91Pdh4zi1Z9dO4rJlfYxU45jXKI3Vx1GmG53xOFJeqaEnZ6MBkR/xWfXNIuVTHC2/1fZs2PZ32w=="
    }
  }
}
