{
  "name": "iot",
  "version": "0.0.1",
  "lockfileVersion": 1,
  "requires": true,
  "dependencies": {
    "@bimdata/design-system": {
      "version": "0.0.7",
      "resolved": "https://registry.npmjs.org/@bimdata/design-system/-/design-system-0.0.7.tgz",
      "integrity": "sha512-5+HvTdaAnWRG4ZpICiQWwg/6+NGFwlf5m02wPWOA/wwcdRN+DeWBuPvgTRKymsAjMgJM/R22ym5Hx/0M+ciCTA==",
      "requires": {
        "prismjs": "^1.19.0",
        "vue": "^2.6.10",
        "vue-clipboard2": "^0.3.1",
        "vue-router": "^3.1.3",
        "vuex": "^3.1.2"
      }
    },
    "clipboard": {
      "version": "2.0.6",
      "resolved": "https://registry.npmjs.org/clipboard/-/clipboard-2.0.6.tgz",
      "integrity": "sha512-g5zbiixBRk/wyKakSwCKd7vQXDjFnAMGHoEyBogG/bw9kTD9GvdAvaoRR1ALcEzt3pVKxZR0pViekPMIS0QyGg==",
      "requires": {
        "good-listener": "^1.2.2",
        "select": "^1.1.2",
        "tiny-emitter": "^2.0.0"
      }
    },
    "delegate": {
      "version": "3.2.0",
      "resolved": "https://registry.npmjs.org/delegate/-/delegate-3.2.0.tgz",
      "integrity": "sha512-IofjkYBZaZivn0V8nnsMJGBr4jVLxHDheKSW88PyxS5QC4Vo9ZbZVvhzlSxY87fVq3STR6r+4cGepyHkcWOQSw=="
    },
    "good-listener": {
      "version": "1.2.2",
      "resolved": "https://registry.npmjs.org/good-listener/-/good-listener-1.2.2.tgz",
      "integrity": "sha1-1TswzfkxPf+33JoNR3CWqm0UXFA=",
      "requires": {
        "delegate": "^3.1.2"
      }
    },
    "prismjs": {
      "version": "1.20.0",
      "resolved": "https://registry.npmjs.org/prismjs/-/prismjs-1.20.0.tgz",
      "integrity": "sha512-AEDjSrVNkynnw6A+B1DsFkd6AVdTnp+/WoUixFRULlCLZVRZlVQMVWio/16jv7G1FscUxQxOQhWwApgbnxr6kQ==",
      "requires": {
        "clipboard": "^2.0.0"
      }
    },
    "select": {
      "version": "1.1.2",
      "resolved": "https://registry.npmjs.org/select/-/select-1.1.2.tgz",
      "integrity": "sha1-DnNQrN7ICxEIUoeG7B1EGNEbOW0="
    },
    "tiny-emitter": {
      "version": "2.1.0",
      "resolved": "https://registry.npmjs.org/tiny-emitter/-/tiny-emitter-2.1.0.tgz",
      "integrity": "sha512-NB6Dk1A9xgQPMoGqC5CVXn123gWyte215ONT5Pp5a0yt4nlEoO1ZWeCwpncaekPHXO60i47ihFnZPiRPjRMq4Q=="
    },
    "vue": {
      "version": "2.6.11",
      "resolved": "https://registry.npmjs.org/vue/-/vue-2.6.11.tgz",
      "integrity": "sha512-VfPwgcGABbGAue9+sfrD4PuwFar7gPb1yl1UK1MwXoQPAw0BKSqWfoYCT/ThFrdEVWoI51dBuyCoiNU9bZDZxQ=="
    },
    "vue-clipboard2": {
      "version": "0.3.1",
      "resolved": "https://registry.npmjs.org/vue-clipboard2/-/vue-clipboard2-0.3.1.tgz",
      "integrity": "sha512-H5S/agEDj0kXjUb5GP2c0hCzIXWRBygaWLN3NEFsaI9I3uWin778SFEMt8QRXiPG+7anyjqWiw2lqcxWUSfkYg==",
      "requires": {
        "clipboard": "^2.0.0"
      }
    },
    "vue-router": {
      "version": "3.2.0",
      "resolved": "https://registry.npmjs.org/vue-router/-/vue-router-3.2.0.tgz",
      "integrity": "sha512-khkrcUIzMcI1rDcNtqkvLwfRFzB97GmJEsPAQdj7t/VvpGhmXLOkUfhc+Ah8CvpSXGXwuWuQO+x8Sy/xDhXZIA=="
    },
    "vuex": {
      "version": "3.4.0",
      "resolved": "https://registry.npmjs.org/vuex/-/vuex-3.4.0.tgz",
      "integrity": "sha512-ajtqwEW/QhnrBZQsZxCLHThZZaa+Db45c92Asf46ZDXu6uHXgbfVuBaJ4gzD2r4UX0oMJHstFwd2r2HM4l8umg=="
    }
  }
}
